<Solution>
  <Project Path="MyVinCafeNewApi/MyVinCafeNewApi.csproj" />
  <Project Path="MyVinCafeNewLibrary/MyVinCafeNewLibrary.csproj" Id="1cc25d97-efa3-4865-b00f-49f445db1e3b" />
  <Project Path="MyVinCafeNewWebViews/MyVinCafeNewWebViews.csproj" Id="ccd45c87-638b-4bb9-82ea-11961d4026d2" />
</Solution>
